
Microsoft Visual Studio Solution File, Format Version 12.00
# Visual Studio Version 17
VisualStudioVersion = 17.0.31903.59
MinimumVisualStudioVersion = 10.0.40219.1
Project("{9A19103F-16F7-4668-BE54-9A1E7A4F7556}") = "Hendriz-app", "Hendriz-app.csproj", "{AF567F17-2305-4039-A0E4-A58DBFAC1036}"
EndProject
Global
	GlobalSection(SolutionConfigurationPlatforms) = preSolution
		Debug|Any CPU = Debug|Any CPU
		Release|Any CPU = Release|Any CPU
	EndGlobalSection
	GlobalSection(ProjectConfigurationPlatforms) = postSolution
		{AF567F17-2305-4039-A0E4-A58DBFAC1036}.Debug|Any CPU.ActiveCfg = Debug|Any CPU
		{AF567F17-2305-4039-A0E4-A58DBFAC1036}.Debug|Any CPU.Build.0 = Debug|Any CPU
		{AF567F17-2305-4039-A0E4-A58DBFAC1036}.Release|Any CPU.ActiveCfg = Release|Any CPU
		{AF567F17-2305-4039-A0E4-A58DBFAC1036}.Release|Any CPU.Build.0 = Release|Any CPU
	EndGlobalSection
	GlobalSection(SolutionProperties) = preSolution
		HideSolutionNode = FALSE
	EndGlobalSection
	GlobalSection(ExtensibilityGlobals) = postSolution
		SolutionGuid = {146C2C74-F4B6-495A-97BA-517A28C137CA}
	EndGlobalSection
EndGlobal
